
Microsoft Visual Studio Solution File, Format Version 12.00
# Visual Studio 15
VisualStudioVersion = 15.0.27703.2035
MinimumVisualStudioVersion = 10.0.40219.1
Project("{9A19103F-16F7-4668-BE54-9A1E7A4F7556}") = "Huzan.Api", "Huzan.Api.csproj", "{F8BECE04-19E4-4182-8E20-0EC6D3572B31}"
EndProject
Global
	GlobalSection(SolutionConfigurationPlatforms) = preSolution
		Debug|Any CPU = Debug|Any CPU
		Release|Any CPU = Release|Any CPU
	EndGlobalSection
	GlobalSection(ProjectConfigurationPlatforms) = postSolution
		{F8BECE04-19E4-4182-8E20-0EC6D3572B31}.Debug|Any CPU.ActiveCfg = Debug|Any CPU
		{F8BECE04-19E4-4182-8E20-0EC6D3572B31}.Debug|Any CPU.Build.0 = Debug|Any CPU
		{F8BECE04-19E4-4182-8E20-0EC6D3572B31}.Release|Any CPU.ActiveCfg = Release|Any CPU
		{F8BECE04-19E4-4182-8E20-0EC6D3572B31}.Release|Any CPU.Build.0 = Release|Any CPU
	EndGlobalSection
	GlobalSection(SolutionProperties) = preSolution
		HideSolutionNode = FALSE
	EndGlobalSection
	GlobalSection(ExtensibilityGlobals) = postSolution
		SolutionGuid = {74BE302E-3D13-45E3-97C0-13C385D7D336}
	EndGlobalSection
EndGlobal
